
Microsoft Visual Studio Solution File, Format Version 11.00
# Visual Studio 2010
Project("{FAE04EC0-301F-11D3-BF4B-00C04F79EFBC}") = "WorldSalt.Model", "WorldSalt.Model\WorldSalt.Model.csproj", "{58FFF3C9-3C62-45F8-9CE4-02437828E237}"
EndProject
Project("{FAE04EC0-301F-11D3-BF4B-00C04F79EFBC}") = "WorldSalt.Network", "WorldSalt.Network\WorldSalt.Network.csproj", "{866F3168-032F-49F4-AC44-9084EF2D8C9B}"
EndProject
Project("{FAE04EC0-301F-11D3-BF4B-00C04F79EFBC}") = "WorldSalt.Simulate", "WorldSalt.Simulate\WorldSalt.Simulate.csproj", "{5788EC98-B4F1-49CD-92B9-3F6A319B8093}"
EndProject
Project("{FAE04EC0-301F-11D3-BF4B-00C04F79EFBC}") = "WorldSalt.Persist", "WorldSalt.Persist\WorldSalt.Persist.csproj", "{17E02786-0A3C-47E8-96F0-B6C2AE176E52}"
EndProject
Project("{FAE04EC0-301F-11D3-BF4B-00C04F79EFBC}") = "WorldSalt.Think", "WorldSalt.Think\WorldSalt.Think.csproj", "{40053994-0CAD-40FB-9F74-71420260E230}"
EndProject
Project("{FAE04EC0-301F-11D3-BF4B-00C04F79EFBC}") = "WorldSalt.Render", "WorldSalt.Render\WorldSalt.Render.csproj", "{57307C24-9061-4FEB-9969-14F735E21577}"
EndProject
Project("{FAE04EC0-301F-11D3-BF4B-00C04F79EFBC}") = "WorldSalt.UnitTests.Model", "WorldSalt.UnitTests.Model\WorldSalt.UnitTests.Model.csproj", "{0A9E84B4-2ACF-4E8A-9EFB-B6EA3279906C}"
EndProject
Global
	GlobalSection(SolutionConfigurationPlatforms) = preSolution
		Debug|Any CPU = Debug|Any CPU
		Release|Any CPU = Release|Any CPU
	EndGlobalSection
	GlobalSection(ProjectConfigurationPlatforms) = postSolution
		{0A9E84B4-2ACF-4E8A-9EFB-B6EA3279906C}.Debug|Any CPU.ActiveCfg = Debug|Any CPU
		{0A9E84B4-2ACF-4E8A-9EFB-B6EA3279906C}.Debug|Any CPU.Build.0 = Debug|Any CPU
		{0A9E84B4-2ACF-4E8A-9EFB-B6EA3279906C}.Release|Any CPU.ActiveCfg = Release|Any CPU
		{0A9E84B4-2ACF-4E8A-9EFB-B6EA3279906C}.Release|Any CPU.Build.0 = Release|Any CPU
		{17E02786-0A3C-47E8-96F0-B6C2AE176E52}.Debug|Any CPU.ActiveCfg = Debug|Any CPU
		{17E02786-0A3C-47E8-96F0-B6C2AE176E52}.Debug|Any CPU.Build.0 = Debug|Any CPU
		{17E02786-0A3C-47E8-96F0-B6C2AE176E52}.Release|Any CPU.ActiveCfg = Release|Any CPU
		{17E02786-0A3C-47E8-96F0-B6C2AE176E52}.Release|Any CPU.Build.0 = Release|Any CPU
		{40053994-0CAD-40FB-9F74-71420260E230}.Debug|Any CPU.ActiveCfg = Debug|Any CPU
		{40053994-0CAD-40FB-9F74-71420260E230}.Debug|Any CPU.Build.0 = Debug|Any CPU
		{40053994-0CAD-40FB-9F74-71420260E230}.Release|Any CPU.ActiveCfg = Release|Any CPU
		{40053994-0CAD-40FB-9F74-71420260E230}.Release|Any CPU.Build.0 = Release|Any CPU
		{57307C24-9061-4FEB-9969-14F735E21577}.Debug|Any CPU.ActiveCfg = Debug|Any CPU
		{57307C24-9061-4FEB-9969-14F735E21577}.Debug|Any CPU.Build.0 = Debug|Any CPU
		{57307C24-9061-4FEB-9969-14F735E21577}.Release|Any CPU.ActiveCfg = Release|Any CPU
		{57307C24-9061-4FEB-9969-14F735E21577}.Release|Any CPU.Build.0 = Release|Any CPU
		{5788EC98-B4F1-49CD-92B9-3F6A319B8093}.Debug|Any CPU.ActiveCfg = Debug|Any CPU
		{5788EC98-B4F1-49CD-92B9-3F6A319B8093}.Debug|Any CPU.Build.0 = Debug|Any CPU
		{5788EC98-B4F1-49CD-92B9-3F6A319B8093}.Release|Any CPU.ActiveCfg = Release|Any CPU
		{5788EC98-B4F1-49CD-92B9-3F6A319B8093}.Release|Any CPU.Build.0 = Release|Any CPU
		{58FFF3C9-3C62-45F8-9CE4-02437828E237}.Debug|Any CPU.ActiveCfg = Debug|Any CPU
		{58FFF3C9-3C62-45F8-9CE4-02437828E237}.Debug|Any CPU.Build.0 = Debug|Any CPU
		{58FFF3C9-3C62-45F8-9CE4-02437828E237}.Release|Any CPU.ActiveCfg = Release|Any CPU
		{58FFF3C9-3C62-45F8-9CE4-02437828E237}.Release|Any CPU.Build.0 = Release|Any CPU
		{866F3168-032F-49F4-AC44-9084EF2D8C9B}.Debug|Any CPU.ActiveCfg = Debug|Any CPU
		{866F3168-032F-49F4-AC44-9084EF2D8C9B}.Debug|Any CPU.Build.0 = Debug|Any CPU
		{866F3168-032F-49F4-AC44-9084EF2D8C9B}.Release|Any CPU.ActiveCfg = Release|Any CPU
		{866F3168-032F-49F4-AC44-9084EF2D8C9B}.Release|Any CPU.Build.0 = Release|Any CPU
	EndGlobalSection
	GlobalSection(MonoDevelopProperties) = preSolution
		StartupItem = WorldSalt.Model\WorldSalt.Model.csproj
	EndGlobalSection
EndGlobal
